
Microsoft Visual Studio Solution File, Format Version 12.00
# Visual Studio 15
VisualStudioVersion = 15.0.28307.489
MinimumVisualStudioVersion = 10.0.40219.1
Project("{FAE04EC0-301F-11D3-BF4B-00C04F79EFBC}") = "app.Android", "app\app.Android\app.Android.csproj", "{E272CAD4-A3D1-4DDC-98B4-CA62873FB52A}"
EndProject
Project("{FAE04EC0-301F-11D3-BF4B-00C04F79EFBC}") = "app.iOS", "app\app.iOS\app.iOS.csproj", "{DF66E8CF-57BC-4C59-8CA3-B479C7F32641}"
EndProject
Project("{FAE04EC0-301F-11D3-BF4B-00C04F79EFBC}") = "app.UWP", "app\app.UWP\app.UWP.csproj", "{6D95C229-81FC-4DF3-A0BC-917F7BDB3C42}"
EndProject
Project("{FAE04EC0-301F-11D3-BF4B-00C04F79EFBC}") = "app", "app\app\app.csproj", "{44297945-526F-4D14-AD6E-41BA305C9E10}"
EndProject
Global
	GlobalSection(SolutionConfigurationPlatforms) = preSolution
		Ad-Hoc|Any CPU = Ad-Hoc|Any CPU
		Ad-Hoc|ARM = Ad-Hoc|ARM
		Ad-Hoc|iPhone = Ad-Hoc|iPhone
		Ad-Hoc|iPhoneSimulator = Ad-Hoc|iPhoneSimulator
		Ad-Hoc|x64 = Ad-Hoc|x64
		Ad-Hoc|x86 = Ad-Hoc|x86
		AppStore|Any CPU = AppStore|Any CPU
		AppStore|ARM = AppStore|ARM
		AppStore|iPhone = AppStore|iPhone
		AppStore|iPhoneSimulator = AppStore|iPhoneSimulator
		AppStore|x64 = AppStore|x64
		AppStore|x86 = AppStore|x86
		Debug|Any CPU = Debug|Any CPU
		Debug|ARM = Debug|ARM
		Debug|iPhone = Debug|iPhone
		Debug|iPhoneSimulator = Debug|iPhoneSimulator
		Debug|x64 = Debug|x64
		Debug|x86 = Debug|x86
		Release|Any CPU = Release|Any CPU
		Release|ARM = Release|ARM
		Release|iPhone = Release|iPhone
		Release|iPhoneSimulator = Release|iPhoneSimulator
		Release|x64 = Release|x64
		Release|x86 = Release|x86
	EndGlobalSection
	GlobalSection(ProjectConfigurationPlatforms) = postSolution
		{E272CAD4-A3D1-4DDC-98B4-CA62873FB52A}.Ad-Hoc|Any CPU.ActiveCfg = Release|Any CPU
		{E272CAD4-A3D1-4DDC-98B4-CA62873FB52A}.Ad-Hoc|Any CPU.Build.0 = Release|Any CPU
		{E272CAD4-A3D1-4DDC-98B4-CA62873FB52A}.Ad-Hoc|Any CPU.Deploy.0 = Release|Any CPU
		{E272CAD4-A3D1-4DDC-98B4-CA62873FB52A}.Ad-Hoc|ARM.ActiveCfg = Release|Any CPU
		{E272CAD4-A3D1-4DDC-98B4-CA62873FB52A}.Ad-Hoc|ARM.Build.0 = Release|Any CPU
		{E272CAD4-A3D1-4DDC-98B4-CA62873FB52A}.Ad-Hoc|ARM.Deploy.0 = Release|Any CPU
		{E272CAD4-A3D1-4DDC-98B4-CA62873FB52A}.Ad-Hoc|iPhone.ActiveCfg = Release|Any CPU
		{E272CAD4-A3D1-4DDC-98B4-CA62873FB52A}.Ad-Hoc|iPhone.Build.0 = Release|Any CPU
		{E272CAD4-A3D1-4DDC-98B4-CA62873FB52A}.Ad-Hoc|iPhone.Deploy.0 = Release|Any CPU
		{E272CAD4-A3D1-4DDC-98B4-CA62873FB52A}.Ad-Hoc|iPhoneSimulator.ActiveCfg = Release|Any CPU
		{E272CAD4-A3D1-4DDC-98B4-CA62873FB52A}.Ad-Hoc|iPhoneSimulator.Build.0 = Release|Any CPU
		{E272CAD4-A3D1-4DDC-98B4-CA62873FB52A}.Ad-Hoc|iPhoneSimulator.Deploy.0 = Release|Any CPU
		{E272CAD4-A3D1-4DDC-98B4-CA62873FB52A}.Ad-Hoc|x64.ActiveCfg = Release|Any CPU
		{E272CAD4-A3D1-4DDC-98B4-CA62873FB52A}.Ad-Hoc|x64.Build.0 = Release|Any CPU
		{E272CAD4-A3D1-4DDC-98B4-CA62873FB52A}.Ad-Hoc|x64.Deploy.0 = Release|Any CPU
		{E272CAD4-A3D1-4DDC-98B4-CA62873FB52A}.Ad-Hoc|x86.ActiveCfg = Release|Any CPU
		{E272CAD4-A3D1-4DDC-98B4-CA62873FB52A}.Ad-Hoc|x86.Build.0 = Release|Any CPU
		{E272CAD4-A3D1-4DDC-98B4-CA62873FB52A}.Ad-Hoc|x86.Deploy.0 = Release|Any CPU
		{E272CAD4-A3D1-4DDC-98B4-CA62873FB52A}.AppStore|Any CPU.ActiveCfg = Release|Any CPU
		{E272CAD4-A3D1-4DDC-98B4-CA62873FB52A}.AppStore|Any CPU.Build.0 = Release|Any CPU
		{E272CAD4-A3D1-4DDC-98B4-CA62873FB52A}.AppStore|Any CPU.Deploy.0 = Release|Any CPU
		{E272CAD4-A3D1-4DDC-98B4-CA62873FB52A}.AppStore|ARM.ActiveCfg = Release|Any CPU
		{E272CAD4-A3D1-4DDC-98B4-CA62873FB52A}.AppStore|ARM.Build.0 = Release|Any CPU
		{E272CAD4-A3D1-4DDC-98B4-CA62873FB52A}.AppStore|ARM.Deploy.0 = Release|Any CPU
		{E272CAD4-A3D1-4DDC-98B4-CA62873FB52A}.AppStore|iPhone.ActiveCfg = Release|Any CPU
		{E272CAD4-A3D1-4DDC-98B4-CA62873FB52A}.AppStore|iPhone.Build.0 = Release|Any CPU
		{E272CAD4-A3D1-4DDC-98B4-CA62873FB52A}.AppStore|iPhone.Deploy.0 = Release|Any CPU
		{E272CAD4-A3D1-4DDC-98B4-CA62873FB52A}.AppStore|iPhoneSimulator.ActiveCfg = Release|Any CPU
		{E272CAD4-A3D1-4DDC-98B4-CA62873FB52A}.AppStore|iPhoneSimulator.Build.0 = Release|Any CPU
		{E272CAD4-A3D1-4DDC-98B4-CA62873FB52A}.AppStore|iPhoneSimulator.Deploy.0 = Release|Any CPU
		{E272CAD4-A3D1-4DDC-98B4-CA62873FB52A}.AppStore|x64.ActiveCfg = Release|Any CPU
		{E272CAD4-A3D1-4DDC-98B4-CA62873FB52A}.AppStore|x64.Build.0 = Release|Any CPU
		{E272CAD4-A3D1-4DDC-98B4-CA62873FB52A}.AppStore|x64.Deploy.0 = Release|Any CPU
		{E272CAD4-A3D1-4DDC-98B4-CA62873FB52A}.AppStore|x86.ActiveCfg = Release|Any CPU
		{E272CAD4-A3D1-4DDC-98B4-CA62873FB52A}.AppStore|x86.Build.0 = Release|Any CPU
		{E272CAD4-A3D1-4DDC-98B4-CA62873FB52A}.AppStore|x86.Deploy.0 = Release|Any CPU
		{E272CAD4-A3D1-4DDC-98B4-CA62873FB52A}.Debug|Any CPU.ActiveCfg = Debug|Any CPU
		{E272CAD4-A3D1-4DDC-98B4-CA62873FB52A}.Debug|Any CPU.Build.0 = Debug|Any CPU
		{E272CAD4-A3D1-4DDC-98B4-CA62873FB52A}.Debug|Any CPU.Deploy.0 = Debug|Any CPU
		{E272CAD4-A3D1-4DDC-98B4-CA62873FB52A}.Debug|ARM.ActiveCfg = Debug|Any CPU
		{E272CAD4-A3D1-4DDC-98B4-CA62873FB52A}.Debug|ARM.Build.0 = Debug|Any CPU
		{E272CAD4-A3D1-4DDC-98B4-CA62873FB52A}.Debug|ARM.Deploy.0 = Debug|Any CPU
		{E272CAD4-A3D1-4DDC-98B4-CA62873FB52A}.Debug|iPhone.ActiveCfg = Debug|Any CPU
		{E272CAD4-A3D1-4DDC-98B4-CA62873FB52A}.Debug|iPhone.Build.0 = Debug|Any CPU
		{E272CAD4-A3D1-4DDC-98B4-CA62873FB52A}.Debug|iPhone.Deploy.0 = Debug|Any CPU
		{E272CAD4-A3D1-4DDC-98B4-CA62873FB52A}.Debug|iPhoneSimulator.ActiveCfg = Debug|Any CPU
		{E272CAD4-A3D1-4DDC-98B4-CA62873FB52A}.Debug|iPhoneSimulator.Build.0 = Debug|Any CPU
		{E272CAD4-A3D1-4DDC-98B4-CA62873FB52A}.Debug|iPhoneSimulator.Deploy.0 = Debug|Any CPU
		{E272CAD4-A3D1-4DDC-98B4-CA62873FB52A}.Debug|x64.ActiveCfg = Debug|Any CPU
		{E272CAD4-A3D1-4DDC-98B4-CA62873FB52A}.Debug|x64.Build.0 = Debug|Any CPU
		{E272CAD4-A3D1-4DDC-98B4-CA62873FB52A}.Debug|x64.Deploy.0 = Debug|Any CPU
		{E272CAD4-A3D1-4DDC-98B4-CA62873FB52A}.Debug|x86.ActiveCfg = Debug|Any CPU
		{E272CAD4-A3D1-4DDC-98B4-CA62873FB52A}.Debug|x86.Build.0 = Debug|Any CPU
		{E272CAD4-A3D1-4DDC-98B4-CA62873FB52A}.Debug|x86.Deploy.0 = Debug|Any CPU
		{E272CAD4-A3D1-4DDC-98B4-CA62873FB52A}.Release|Any CPU.ActiveCfg = Release|Any CPU
		{E272CAD4-A3D1-4DDC-98B4-CA62873FB52A}.Release|Any CPU.Build.0 = Release|Any CPU
		{E272CAD4-A3D1-4DDC-98B4-CA62873FB52A}.Release|Any CPU.Deploy.0 = Release|Any CPU
		{E272CAD4-A3D1-4DDC-98B4-CA62873FB52A}.Release|ARM.ActiveCfg = Release|Any CPU
		{E272CAD4-A3D1-4DDC-98B4-CA62873FB52A}.Release|ARM.Build.0 = Release|Any CPU
		{E272CAD4-A3D1-4DDC-98B4-CA62873FB52A}.Release|ARM.Deploy.0 = Release|Any CPU
		{E272CAD4-A3D1-4DDC-98B4-CA62873FB52A}.Release|iPhone.ActiveCfg = Release|Any CPU
		{E272CAD4-A3D1-4DDC-98B4-CA62873FB52A}.Release|iPhone.Build.0 = Release|Any CPU
		{E272CAD4-A3D1-4DDC-98B4-CA62873FB52A}.Release|iPhone.Deploy.0 = Release|Any CPU
		{E272CAD4-A3D1-4DDC-98B4-CA62873FB52A}.Release|iPhoneSimulator.ActiveCfg = Release|Any CPU
		{E272CAD4-A3D1-4DDC-98B4-CA62873FB52A}.Release|iPhoneSimulator.Build.0 = Release|Any CPU
		{E272CAD4-A3D1-4DDC-98B4-CA62873FB52A}.Release|iPhoneSimulator.Deploy.0 = Release|Any CPU
		{E272CAD4-A3D1-4DDC-98B4-CA62873FB52A}.Release|x64.ActiveCfg = Release|Any CPU
		{E272CAD4-A3D1-4DDC-98B4-CA62873FB52A}.Release|x64.Build.0 = Release|Any CPU
		{E272CAD4-A3D1-4DDC-98B4-CA62873FB52A}.Release|x64.Deploy.0 = Release|Any CPU
		{E272CAD4-A3D1-4DDC-98B4-CA62873FB52A}.Release|x86.ActiveCfg = Release|Any CPU
		{E272CAD4-A3D1-4DDC-98B4-CA62873FB52A}.Release|x86.Build.0 = Release|Any CPU
		{E272CAD4-A3D1-4DDC-98B4-CA62873FB52A}.Release|x86.Deploy.0 = Release|Any CPU
		{DF66E8CF-57BC-4C59-8CA3-B479C7F32641}.Ad-Hoc|Any CPU.ActiveCfg = Ad-Hoc|iPhone
		{DF66E8CF-57BC-4C59-8CA3-B479C7F32641}.Ad-Hoc|Any CPU.Build.0 = Ad-Hoc|iPhone
		{DF66E8CF-57BC-4C59-8CA3-B479C7F32641}.Ad-Hoc|Any CPU.Deploy.0 = Ad-Hoc|iPhone
		{DF66E8CF-57BC-4C59-8CA3-B479C7F32641}.Ad-Hoc|ARM.ActiveCfg = Ad-Hoc|iPhone
		{DF66E8CF-57BC-4C59-8CA3-B479C7F32641}.Ad-Hoc|ARM.Build.0 = Ad-Hoc|iPhone
		{DF66E8CF-57BC-4C59-8CA3-B479C7F32641}.Ad-Hoc|ARM.Deploy.0 = Ad-Hoc|iPhone
		{DF66E8CF-57BC-4C59-8CA3-B479C7F32641}.Ad-Hoc|iPhone.ActiveCfg = Ad-Hoc|iPhone
		{DF66E8CF-57BC-4C59-8CA3-B479C7F32641}.Ad-Hoc|iPhone.Build.0 = Ad-Hoc|iPhone
		{DF66E8CF-57BC-4C59-8CA3-B479C7F32641}.Ad-Hoc|iPhone.Deploy.0 = Ad-Hoc|iPhone
		{DF66E8CF-57BC-4C59-8CA3-B479C7F32641}.Ad-Hoc|iPhoneSimulator.ActiveCfg = Ad-Hoc|iPhoneSimulator
		{DF66E8CF-57BC-4C59-8CA3-B479C7F32641}.Ad-Hoc|iPhoneSimulator.Build.0 = Ad-Hoc|iPhoneSimulator
		{DF66E8CF-57BC-4C59-8CA3-B479C7F32641}.Ad-Hoc|iPhoneSimulator.Deploy.0 = Ad-Hoc|iPhoneSimulator
		{DF66E8CF-57BC-4C59-8CA3-B479C7F32641}.Ad-Hoc|x64.ActiveCfg = Ad-Hoc|iPhone
		{DF66E8CF-57BC-4C59-8CA3-B479C7F32641}.Ad-Hoc|x64.Build.0 = Ad-Hoc|iPhone
		{DF66E8CF-57BC-4C59-8CA3-B479C7F32641}.Ad-Hoc|x64.Deploy.0 = Ad-Hoc|iPhone
		{DF66E8CF-57BC-4C59-8CA3-B479C7F32641}.Ad-Hoc|x86.ActiveCfg = Ad-Hoc|iPhone
		{DF66E8CF-57BC-4C59-8CA3-B479C7F32641}.Ad-Hoc|x86.Build.0 = Ad-Hoc|iPhone
		{DF66E8CF-57BC-4C59-8CA3-B479C7F32641}.Ad-Hoc|x86.Deploy.0 = Ad-Hoc|iPhone
		{DF66E8CF-57BC-4C59-8CA3-B479C7F32641}.AppStore|Any CPU.ActiveCfg = AppStore|iPhone
		{DF66E8CF-57BC-4C59-8CA3-B479C7F32641}.AppStore|Any CPU.Build.0 = AppStore|iPhone
		{DF66E8CF-57BC-4C59-8CA3-B479C7F32641}.AppStore|Any CPU.Deploy.0 = AppStore|iPhone
		{DF66E8CF-57BC-4C59-8CA3-B479C7F32641}.AppStore|ARM.ActiveCfg = AppStore|iPhone
		{DF66E8CF-57BC-4C59-8CA3-B479C7F32641}.AppStore|ARM.Build.0 = AppStore|iPhone
		{DF66E8CF-57BC-4C59-8CA3-B479C7F32641}.AppStore|ARM.Deploy.0 = AppStore|iPhone
		{DF66E8CF-57BC-4C59-8CA3-B479C7F32641}.AppStore|iPhone.ActiveCfg = AppStore|iPhone
		{DF66E8CF-57BC-4C59-8CA3-B479C7F32641}.AppStore|iPhone.Build.0 = AppStore|iPhone
		{DF66E8CF-57BC-4C59-8CA3-B479C7F32641}.AppStore|iPhone.Deploy.0 = AppStore|iPhone
		{DF66E8CF-57BC-4C59-8CA3-B479C7F32641}.AppStore|iPhoneSimulator.ActiveCfg = AppStore|iPhoneSimulator
		{DF66E8CF-57BC-4C59-8CA3-B479C7F32641}.AppStore|iPhoneSimulator.Build.0 = AppStore|iPhoneSimulator
		{DF66E8CF-57BC-4C59-8CA3-B479C7F32641}.AppStore|iPhoneSimulator.Deploy.0 = AppStore|iPhoneSimulator
		{DF66E8CF-57BC-4C59-8CA3-B479C7F32641}.AppStore|x64.ActiveCfg = AppStore|iPhone
		{DF66E8CF-57BC-4C59-8CA3-B479C7F32641}.AppStore|x64.Build.0 = AppStore|iPhone
		{DF66E8CF-57BC-4C59-8CA3-B479C7F32641}.AppStore|x64.Deploy.0 = AppStore|iPhone
		{DF66E8CF-57BC-4C59-8CA3-B479C7F32641}.AppStore|x86.ActiveCfg = AppStore|iPhone
		{DF66E8CF-57BC-4C59-8CA3-B479C7F32641}.AppStore|x86.Build.0 = AppStore|iPhone
		{DF66E8CF-57BC-4C59-8CA3-B479C7F32641}.AppStore|x86.Deploy.0 = AppStore|iPhone
		{DF66E8CF-57BC-4C59-8CA3-B479C7F32641}.Debug|Any CPU.ActiveCfg = Debug|iPhoneSimulator
		{DF66E8CF-57BC-4C59-8CA3-B479C7F32641}.Debug|Any CPU.Build.0 = Debug|iPhoneSimulator
		{DF66E8CF-57BC-4C59-8CA3-B479C7F32641}.Debug|Any CPU.Deploy.0 = Debug|iPhoneSimulator
		{DF66E8CF-57BC-4C59-8CA3-B479C7F32641}.Debug|ARM.ActiveCfg = Debug|iPhone
		{DF66E8CF-57BC-4C59-8CA3-B479C7F32641}.Debug|ARM.Build.0 = Debug|iPhone
		{DF66E8CF-57BC-4C59-8CA3-B479C7F32641}.Debug|ARM.Deploy.0 = Debug|iPhone
		{DF66E8CF-57BC-4C59-8CA3-B479C7F32641}.Debug|iPhone.ActiveCfg = Debug|iPhone
		{DF66E8CF-57BC-4C59-8CA3-B479C7F32641}.Debug|iPhone.Build.0 = Debug|iPhone
		{DF66E8CF-57BC-4C59-8CA3-B479C7F32641}.Debug|iPhone.Deploy.0 = Debug|iPhone
		{DF66E8CF-57BC-4C59-8CA3-B479C7F32641}.Debug|iPhoneSimulator.ActiveCfg = Debug|iPhoneSimulator
		{DF66E8CF-57BC-4C59-8CA3-B479C7F32641}.Debug|iPhoneSimulator.Build.0 = Debug|iPhoneSimulator
		{DF66E8CF-57BC-4C59-8CA3-B479C7F32641}.Debug|iPhoneSimulator.Deploy.0 = Debug|iPhoneSimulator
		{DF66E8CF-57BC-4C59-8CA3-B479C7F32641}.Debug|x64.ActiveCfg = Debug|iPhone
		{DF66E8CF-57BC-4C59-8CA3-B479C7F32641}.Debug|x64.Build.0 = Debug|iPhone
		{DF66E8CF-57BC-4C59-8CA3-B479C7F32641}.Debug|x64.Deploy.0 = Debug|iPhone
		{DF66E8CF-57BC-4C59-8CA3-B479C7F32641}.Debug|x86.ActiveCfg = Debug|iPhone
		{DF66E8CF-57BC-4C59-8CA3-B479C7F32641}.Debug|x86.Build.0 = Debug|iPhone
		{DF66E8CF-57BC-4C59-8CA3-B479C7F32641}.Debug|x86.Deploy.0 = Debug|iPhone
		{DF66E8CF-57BC-4C59-8CA3-B479C7F32641}.Release|Any CPU.ActiveCfg = Release|iPhone
		{DF66E8CF-57BC-4C59-8CA3-B479C7F32641}.Release|Any CPU.Build.0 = Release|iPhone
		{DF66E8CF-57BC-4C59-8CA3-B479C7F32641}.Release|Any CPU.Deploy.0 = Release|iPhone
		{DF66E8CF-57BC-4C59-8CA3-B479C7F32641}.Release|ARM.ActiveCfg = Release|iPhone
		{DF66E8CF-57BC-4C59-8CA3-B479C7F32641}.Release|ARM.Build.0 = Release|iPhone
		{DF66E8CF-57BC-4C59-8CA3-B479C7F32641}.Release|ARM.Deploy.0 = Release|iPhone
		{DF66E8CF-57BC-4C59-8CA3-B479C7F32641}.Release|iPhone.ActiveCfg = Release|iPhone
		{DF66E8CF-57BC-4C59-8CA3-B479C7F32641}.Release|iPhone.Build.0 = Release|iPhone
		{DF66E8CF-57BC-4C59-8CA3-B479C7F32641}.Release|iPhone.Deploy.0 = Release|iPhone
		{DF66E8CF-57BC-4C59-8CA3-B479C7F32641}.Release|iPhoneSimulator.ActiveCfg = Release|iPhoneSimulator
		{DF66E8CF-57BC-4C59-8CA3-B479C7F32641}.Release|iPhoneSimulator.Build.0 = Release|iPhoneSimulator
		{DF66E8CF-57BC-4C59-8CA3-B479C7F32641}.Release|iPhoneSimulator.Deploy.0 = Release|iPhoneSimulator
		{DF66E8CF-57BC-4C59-8CA3-B479C7F32641}.Release|x64.ActiveCfg = Release|iPhone
		{DF66E8CF-57BC-4C59-8CA3-B479C7F32641}.Release|x64.Build.0 = Release|iPhone
		{DF66E8CF-57BC-4C59-8CA3-B479C7F32641}.Release|x64.Deploy.0 = Release|iPhone
		{DF66E8CF-57BC-4C59-8CA3-B479C7F32641}.Release|x86.ActiveCfg = Release|iPhone
		{DF66E8CF-57BC-4C59-8CA3-B479C7F32641}.Release|x86.Build.0 = Release|iPhone
		{DF66E8CF-57BC-4C59-8CA3-B479C7F32641}.Release|x86.Deploy.0 = Release|iPhone
		{6D95C229-81FC-4DF3-A0BC-917F7BDB3C42}.Ad-Hoc|Any CPU.ActiveCfg = Release|x86
		{6D95C229-81FC-4DF3-A0BC-917F7BDB3C42}.Ad-Hoc|Any CPU.Build.0 = Release|x86
		{6D95C229-81FC-4DF3-A0BC-917F7BDB3C42}.Ad-Hoc|Any CPU.Deploy.0 = Release|x86
		{6D95C229-81FC-4DF3-A0BC-917F7BDB3C42}.Ad-Hoc|ARM.ActiveCfg = Release|ARM
		{6D95C229-81FC-4DF3-A0BC-917F7BDB3C42}.Ad-Hoc|ARM.Build.0 = Release|ARM
		{6D95C229-81FC-4DF3-A0BC-917F7BDB3C42}.Ad-Hoc|ARM.Deploy.0 = Release|ARM
		{6D95C229-81FC-4DF3-A0BC-917F7BDB3C42}.Ad-Hoc|iPhone.ActiveCfg = Release|x86
		{6D95C229-81FC-4DF3-A0BC-917F7BDB3C42}.Ad-Hoc|iPhone.Build.0 = Release|x86
		{6D95C229-81FC-4DF3-A0BC-917F7BDB3C42}.Ad-Hoc|iPhone.Deploy.0 = Release|x86
		{6D95C229-81FC-4DF3-A0BC-917F7BDB3C42}.Ad-Hoc|iPhoneSimulator.ActiveCfg = Release|x86
		{6D95C229-81FC-4DF3-A0BC-917F7BDB3C42}.Ad-Hoc|iPhoneSimulator.Build.0 = Release|x86
		{6D95C229-81FC-4DF3-A0BC-917F7BDB3C42}.Ad-Hoc|iPhoneSimulator.Deploy.0 = Release|x86
		{6D95C229-81FC-4DF3-A0BC-917F7BDB3C42}.Ad-Hoc|x64.ActiveCfg = Release|x64
		{6D95C229-81FC-4DF3-A0BC-917F7BDB3C42}.Ad-Hoc|x64.Build.0 = Release|x64
		{6D95C229-81FC-4DF3-A0BC-917F7BDB3C42}.Ad-Hoc|x64.Deploy.0 = Release|x64
		{6D95C229-81FC-4DF3-A0BC-917F7BDB3C42}.Ad-Hoc|x86.ActiveCfg = Release|x86
		{6D95C229-81FC-4DF3-A0BC-917F7BDB3C42}.Ad-Hoc|x86.Build.0 = Release|x86
		{6D95C229-81FC-4DF3-A0BC-917F7BDB3C42}.Ad-Hoc|x86.Deploy.0 = Release|x86
		{6D95C229-81FC-4DF3-A0BC-917F7BDB3C42}.AppStore|Any CPU.ActiveCfg = Release|x86
		{6D95C229-81FC-4DF3-A0BC-917F7BDB3C42}.AppStore|Any CPU.Build.0 = Release|x86
		{6D95C229-81FC-4DF3-A0BC-917F7BDB3C42}.AppStore|Any CPU.Deploy.0 = Release|x86
		{6D95C229-81FC-4DF3-A0BC-917F7BDB3C42}.AppStore|ARM.ActiveCfg = Release|ARM
		{6D95C229-81FC-4DF3-A0BC-917F7BDB3C42}.AppStore|ARM.Build.0 = Release|ARM
		{6D95C229-81FC-4DF3-A0BC-917F7BDB3C42}.AppStore|ARM.Deploy.0 = Release|ARM
		{6D95C229-81FC-4DF3-A0BC-917F7BDB3C42}.AppStore|iPhone.ActiveCfg = Release|x86
		{6D95C229-81FC-4DF3-A0BC-917F7BDB3C42}.AppStore|iPhone.Build.0 = Release|x86
		{6D95C229-81FC-4DF3-A0BC-917F7BDB3C42}.AppStore|iPhone.Deploy.0 = Release|x86
		{6D95C229-81FC-4DF3-A0BC-917F7BDB3C42}.AppStore|iPhoneSimulator.ActiveCfg = Release|x86
		{6D95C229-81FC-4DF3-A0BC-917F7BDB3C42}.AppStore|iPhoneSimulator.Build.0 = Release|x86
		{6D95C229-81FC-4DF3-A0BC-917F7BDB3C42}.AppStore|iPhoneSimulator.Deploy.0 = Release|x86
		{6D95C229-81FC-4DF3-A0BC-917F7BDB3C42}.AppStore|x64.ActiveCfg = Release|x64
		{6D95C229-81FC-4DF3-A0BC-917F7BDB3C42}.AppStore|x64.Build.0 = Release|x64
		{6D95C229-81FC-4DF3-A0BC-917F7BDB3C42}.AppStore|x64.Deploy.0 = Release|x64
		{6D95C229-81FC-4DF3-A0BC-917F7BDB3C42}.AppStore|x86.ActiveCfg = Release|x86
		{6D95C229-81FC-4DF3-A0BC-917F7BDB3C42}.AppStore|x86.Build.0 = Release|x86
		{6D95C229-81FC-4DF3-A0BC-917F7BDB3C42}.AppStore|x86.Deploy.0 = Release|x86
		{6D95C229-81FC-4DF3-A0BC-917F7BDB3C42}.Debug|Any CPU.ActiveCfg = Debug|x86
		{6D95C229-81FC-4DF3-A0BC-917F7BDB3C42}.Debug|Any CPU.Build.0 = Debug|x86
		{6D95C229-81FC-4DF3-A0BC-917F7BDB3C42}.Debug|Any CPU.Deploy.0 = Debug|x86
		{6D95C229-81FC-4DF3-A0BC-917F7BDB3C42}.Debug|ARM.ActiveCfg = Debug|ARM
		{6D95C229-81FC-4DF3-A0BC-917F7BDB3C42}.Debug|ARM.Build.0 = Debug|ARM
		{6D95C229-81FC-4DF3-A0BC-917F7BDB3C42}.Debug|ARM.Deploy.0 = Debug|ARM
		{6D95C229-81FC-4DF3-A0BC-917F7BDB3C42}.Debug|iPhone.ActiveCfg = Debug|x86
		{6D95C229-81FC-4DF3-A0BC-917F7BDB3C42}.Debug|iPhone.Build.0 = Debug|x86
		{6D95C229-81FC-4DF3-A0BC-917F7BDB3C42}.Debug|iPhone.Deploy.0 = Debug|x86
		{6D95C229-81FC-4DF3-A0BC-917F7BDB3C42}.Debug|iPhoneSimulator.ActiveCfg = Debug|x86
		{6D95C229-81FC-4DF3-A0BC-917F7BDB3C42}.Debug|iPhoneSimulator.Build.0 = Debug|x86
		{6D95C229-81FC-4DF3-A0BC-917F7BDB3C42}.Debug|iPhoneSimulator.Deploy.0 = Debug|x86
		{6D95C229-81FC-4DF3-A0BC-917F7BDB3C42}.Debug|x64.ActiveCfg = Debug|x64
		{6D95C229-81FC-4DF3-A0BC-917F7BDB3C42}.Debug|x64.Build.0 = Debug|x64
		{6D95C229-81FC-4DF3-A0BC-917F7BDB3C42}.Debug|x64.Deploy.0 = Debug|x64
		{6D95C229-81FC-4DF3-A0BC-917F7BDB3C42}.Debug|x86.ActiveCfg = Debug|x86
		{6D95C229-81FC-4DF3-A0BC-917F7BDB3C42}.Debug|x86.Build.0 = Debug|x86
		{6D95C229-81FC-4DF3-A0BC-917F7BDB3C42}.Debug|x86.Deploy.0 = Debug|x86
		{6D95C229-81FC-4DF3-A0BC-917F7BDB3C42}.Release|Any CPU.ActiveCfg = Release|x86
		{6D95C229-81FC-4DF3-A0BC-917F7BDB3C42}.Release|Any CPU.Build.0 = Release|x86
		{6D95C229-81FC-4DF3-A0BC-917F7BDB3C42}.Release|Any CPU.Deploy.0 = Release|x86
		{6D95C229-81FC-4DF3-A0BC-917F7BDB3C42}.Release|ARM.ActiveCfg = Release|ARM
		{6D95C229-81FC-4DF3-A0BC-917F7BDB3C42}.Release|ARM.Build.0 = Release|ARM
		{6D95C229-81FC-4DF3-A0BC-917F7BDB3C42}.Release|ARM.Deploy.0 = Release|ARM
		{6D95C229-81FC-4DF3-A0BC-917F7BDB3C42}.Release|iPhone.ActiveCfg = Release|x86
		{6D95C229-81FC-4DF3-A0BC-917F7BDB3C42}.Release|iPhone.Build.0 = Release|x86
		{6D95C229-81FC-4DF3-A0BC-917F7BDB3C42}.Release|iPhone.Deploy.0 = Release|x86
		{6D95C229-81FC-4DF3-A0BC-917F7BDB3C42}.Release|iPhoneSimulator.ActiveCfg = Release|x86
		{6D95C229-81FC-4DF3-A0BC-917F7BDB3C42}.Release|iPhoneSimulator.Build.0 = Release|x86
		{6D95C229-81FC-4DF3-A0BC-917F7BDB3C42}.Release|iPhoneSimulator.Deploy.0 = Release|x86
		{6D95C229-81FC-4DF3-A0BC-917F7BDB3C42}.Release|x64.ActiveCfg = Release|x64
		{6D95C229-81FC-4DF3-A0BC-917F7BDB3C42}.Release|x64.Build.0 = Release|x64
		{6D95C229-81FC-4DF3-A0BC-917F7BDB3C42}.Release|x64.Deploy.0 = Release|x64
		{6D95C229-81FC-4DF3-A0BC-917F7BDB3C42}.Release|x86.ActiveCfg = Release|x86
		{6D95C229-81FC-4DF3-A0BC-917F7BDB3C42}.Release|x86.Build.0 = Release|x86
		{6D95C229-81FC-4DF3-A0BC-917F7BDB3C42}.Release|x86.Deploy.0 = Release|x86
		{44297945-526F-4D14-AD6E-41BA305C9E10}.Ad-Hoc|Any CPU.ActiveCfg = Debug|Any CPU
		{44297945-526F-4D14-AD6E-41BA305C9E10}.Ad-Hoc|Any CPU.Build.0 = Debug|Any CPU
		{44297945-526F-4D14-AD6E-41BA305C9E10}.Ad-Hoc|Any CPU.Deploy.0 = Debug|Any CPU
		{44297945-526F-4D14-AD6E-41BA305C9E10}.Ad-Hoc|ARM.ActiveCfg = Debug|Any CPU
		{44297945-526F-4D14-AD6E-41BA305C9E10}.Ad-Hoc|ARM.Build.0 = Debug|Any CPU
		{44297945-526F-4D14-AD6E-41BA305C9E10}.Ad-Hoc|ARM.Deploy.0 = Debug|Any CPU
		{44297945-526F-4D14-AD6E-41BA305C9E10}.Ad-Hoc|iPhone.ActiveCfg = Debug|Any CPU
		{44297945-526F-4D14-AD6E-41BA305C9E10}.Ad-Hoc|iPhone.Build.0 = Debug|Any CPU
		{44297945-526F-4D14-AD6E-41BA305C9E10}.Ad-Hoc|iPhone.Deploy.0 = Debug|Any CPU
		{44297945-526F-4D14-AD6E-41BA305C9E10}.Ad-Hoc|iPhoneSimulator.ActiveCfg = Debug|Any CPU
		{44297945-526F-4D14-AD6E-41BA305C9E10}.Ad-Hoc|iPhoneSimulator.Build.0 = Debug|Any CPU
		{44297945-526F-4D14-AD6E-41BA305C9E10}.Ad-Hoc|iPhoneSimulator.Deploy.0 = Debug|Any CPU
		{44297945-526F-4D14-AD6E-41BA305C9E10}.Ad-Hoc|x64.ActiveCfg = Debug|Any CPU
		{44297945-526F-4D14-AD6E-41BA305C9E10}.Ad-Hoc|x64.Build.0 = Debug|Any CPU
		{44297945-526F-4D14-AD6E-41BA305C9E10}.Ad-Hoc|x64.Deploy.0 = Debug|Any CPU
		{44297945-526F-4D14-AD6E-41BA305C9E10}.Ad-Hoc|x86.ActiveCfg = Debug|Any CPU
		{44297945-526F-4D14-AD6E-41BA305C9E10}.Ad-Hoc|x86.Build.0 = Debug|Any CPU
		{44297945-526F-4D14-AD6E-41BA305C9E10}.Ad-Hoc|x86.Deploy.0 = Debug|Any CPU
		{44297945-526F-4D14-AD6E-41BA305C9E10}.AppStore|Any CPU.ActiveCfg = Debug|Any CPU
		{44297945-526F-4D14-AD6E-41BA305C9E10}.AppStore|Any CPU.Build.0 = Debug|Any CPU
		{44297945-526F-4D14-AD6E-41BA305C9E10}.AppStore|Any CPU.Deploy.0 = Debug|Any CPU
		{44297945-526F-4D14-AD6E-41BA305C9E10}.AppStore|ARM.ActiveCfg = Debug|Any CPU
		{44297945-526F-4D14-AD6E-41BA305C9E10}.AppStore|ARM.Build.0 = Debug|Any CPU
		{44297945-526F-4D14-AD6E-41BA305C9E10}.AppStore|ARM.Deploy.0 = Debug|Any CPU
		{44297945-526F-4D14-AD6E-41BA305C9E10}.AppStore|iPhone.ActiveCfg = Debug|Any CPU
		{44297945-526F-4D14-AD6E-41BA305C9E10}.AppStore|iPhone.Build.0 = Debug|Any CPU
		{44297945-526F-4D14-AD6E-41BA305C9E10}.AppStore|iPhone.Deploy.0 = Debug|Any CPU
		{44297945-526F-4D14-AD6E-41BA305C9E10}.AppStore|iPhoneSimulator.ActiveCfg = Debug|Any CPU
		{44297945-526F-4D14-AD6E-41BA305C9E10}.AppStore|iPhoneSimulator.Build.0 = Debug|Any CPU
		{44297945-526F-4D14-AD6E-41BA305C9E10}.AppStore|iPhoneSimulator.Deploy.0 = Debug|Any CPU
		{44297945-526F-4D14-AD6E-41BA305C9E10}.AppStore|x64.ActiveCfg = Debug|Any CPU
		{44297945-526F-4D14-AD6E-41BA305C9E10}.AppStore|x64.Build.0 = Debug|Any CPU
		{44297945-526F-4D14-AD6E-41BA305C9E10}.AppStore|x64.Deploy.0 = Debug|Any CPU
		{44297945-526F-4D14-AD6E-41BA305C9E10}.AppStore|x86.ActiveCfg = Debug|Any CPU
		{44297945-526F-4D14-AD6E-41BA305C9E10}.AppStore|x86.Build.0 = Debug|Any CPU
		{44297945-526F-4D14-AD6E-41BA305C9E10}.AppStore|x86.Deploy.0 = Debug|Any CPU
		{44297945-526F-4D14-AD6E-41BA305C9E10}.Debug|Any CPU.ActiveCfg = Debug|Any CPU
		{44297945-526F-4D14-AD6E-41BA305C9E10}.Debug|Any CPU.Build.0 = Debug|Any CPU
		{44297945-526F-4D14-AD6E-41BA305C9E10}.Debug|Any CPU.Deploy.0 = Debug|Any CPU
		{44297945-526F-4D14-AD6E-41BA305C9E10}.Debug|ARM.ActiveCfg = Debug|Any CPU
		{44297945-526F-4D14-AD6E-41BA305C9E10}.Debug|ARM.Build.0 = Debug|Any CPU
		{44297945-526F-4D14-AD6E-41BA305C9E10}.Debug|ARM.Deploy.0 = Debug|Any CPU
		{44297945-526F-4D14-AD6E-41BA305C9E10}.Debug|iPhone.ActiveCfg = Debug|Any CPU
		{44297945-526F-4D14-AD6E-41BA305C9E10}.Debug|iPhone.Build.0 = Debug|Any CPU
		{44297945-526F-4D14-AD6E-41BA305C9E10}.Debug|iPhone.Deploy.0 = Debug|Any CPU
		{44297945-526F-4D14-AD6E-41BA305C9E10}.Debug|iPhoneSimulator.ActiveCfg = Debug|Any CPU
		{44297945-526F-4D14-AD6E-41BA305C9E10}.Debug|iPhoneSimulator.Build.0 = Debug|Any CPU
		{44297945-526F-4D14-AD6E-41BA305C9E10}.Debug|iPhoneSimulator.Deploy.0 = Debug|Any CPU
		{44297945-526F-4D14-AD6E-41BA305C9E10}.Debug|x64.ActiveCfg = Debug|Any CPU
		{44297945-526F-4D14-AD6E-41BA305C9E10}.Debug|x64.Build.0 = Debug|Any CPU
		{44297945-526F-4D14-AD6E-41BA305C9E10}.Debug|x64.Deploy.0 = Debug|Any CPU
		{44297945-526F-4D14-AD6E-41BA305C9E10}.Debug|x86.ActiveCfg = Debug|Any CPU
		{44297945-526F-4D14-AD6E-41BA305C9E10}.Debug|x86.Build.0 = Debug|Any CPU
		{44297945-526F-4D14-AD6E-41BA305C9E10}.Debug|x86.Deploy.0 = Debug|Any CPU
		{44297945-526F-4D14-AD6E-41BA305C9E10}.Release|Any CPU.ActiveCfg = Release|Any CPU
		{44297945-526F-4D14-AD6E-41BA305C9E10}.Release|Any CPU.Build.0 = Release|Any CPU
		{44297945-526F-4D14-AD6E-41BA305C9E10}.Release|Any CPU.Deploy.0 = Release|Any CPU
		{44297945-526F-4D14-AD6E-41BA305C9E10}.Release|ARM.ActiveCfg = Release|Any CPU
		{44297945-526F-4D14-AD6E-41BA305C9E10}.Release|ARM.Build.0 = Release|Any CPU
		{44297945-526F-4D14-AD6E-41BA305C9E10}.Release|ARM.Deploy.0 = Release|Any CPU
		{44297945-526F-4D14-AD6E-41BA305C9E10}.Release|iPhone.ActiveCfg = Release|Any CPU
		{44297945-526F-4D14-AD6E-41BA305C9E10}.Release|iPhone.Build.0 = Release|Any CPU
		{44297945-526F-4D14-AD6E-41BA305C9E10}.Release|iPhone.Deploy.0 = Release|Any CPU
		{44297945-526F-4D14-AD6E-41BA305C9E10}.Release|iPhoneSimulator.ActiveCfg = Release|Any CPU
		{44297945-526F-4D14-AD6E-41BA305C9E10}.Release|iPhoneSimulator.Build.0 = Release|Any CPU
		{44297945-526F-4D14-AD6E-41BA305C9E10}.Release|iPhoneSimulator.Deploy.0 = Release|Any CPU
		{44297945-526F-4D14-AD6E-41BA305C9E10}.Release|x64.ActiveCfg = Release|Any CPU
		{44297945-526F-4D14-AD6E-41BA305C9E10}.Release|x64.Build.0 = Release|Any CPU
		{44297945-526F-4D14-AD6E-41BA305C9E10}.Release|x64.Deploy.0 = Release|Any CPU
		{44297945-526F-4D14-AD6E-41BA305C9E10}.Release|x86.ActiveCfg = Release|Any CPU
		{44297945-526F-4D14-AD6E-41BA305C9E10}.Release|x86.Build.0 = Release|Any CPU
		{44297945-526F-4D14-AD6E-41BA305C9E10}.Release|x86.Deploy.0 = Release|Any CPU
	EndGlobalSection
	GlobalSection(SolutionProperties) = preSolution
		HideSolutionNode = FALSE
	EndGlobalSection
	GlobalSection(ExtensibilityGlobals) = postSolution
		SolutionGuid = {993F619F-2900-43F5-9AC0-2A3B6AE8ED37}
	EndGlobalSection
EndGlobal
